// !$*UTF8*$!
{
	archiveVersion = 1;
	classes = {
	};
	objectVersion = 50;
	objects = {

/* Begin PBXBuildFile section */
		2631805F2474EF2F0039E60F /* AppDelegate.swift in Sources */ = {isa = PBXBuildFile; fileRef = 2631805E2474EF2F0039E60F /* AppDelegate.swift */; };
		263180612474EF2F0039E60F /* SceneDelegate.swift in Sources */ = {isa = PBXBuildFile; fileRef = 263180602474EF2F0039E60F /* SceneDelegate.swift */; };
		263180662474EF2F0039E60F /* Main.storyboard in Resources */ = {isa = PBXBuildFile; fileRef = 263180642474EF2F0039E60F /* Main.storyboard */; };
		263180682474EF310039E60F /* Assets.xcassets in Resources */ = {isa = PBXBuildFile; fileRef = 263180672474EF310039E60F /* Assets.xcassets */; };
		2631806B2474EF310039E60F /* LaunchScreen.storyboard in Resources */ = {isa = PBXBuildFile; fileRef = 263180692474EF310039E60F /* LaunchScreen.storyboard */; };
		263180732474F03C0039E60F /* LoginViewController.swift in Sources */ = {isa = PBXBuildFile; fileRef = 263180722474F03C0039E60F /* LoginViewController.swift */; };
		263180752474F0530039E60F /* HomeViewController.swift in Sources */ = {isa = PBXBuildFile; fileRef = 263180742474F0530039E60F /* HomeViewController.swift */; };
		263180772474F0680039E60F /* ImageSelectViewController.swift in Sources */ = {isa = PBXBuildFile; fileRef = 263180762474F0680039E60F /* ImageSelectViewController.swift */; };
		263180792474F07A0039E60F /* PostViewController.swift in Sources */ = {isa = PBXBuildFile; fileRef = 263180782474F07A0039E60F /* PostViewController.swift */; };
		2631807B2474F08C0039E60F /* SettingViewController.swift in Sources */ = {isa = PBXBuildFile; fileRef = 2631807A2474F08C0039E60F /* SettingViewController.swift */; };
		266057B92476020E00C8B69C /* TabBarController.swift in Sources */ = {isa = PBXBuildFile; fileRef = 266057B82476020E00C8B69C /* TabBarController.swift */; };
		266057BB24760A3400C8B69C /* GoogleService-Info.plist in Resources */ = {isa = PBXBuildFile; fileRef = 266057BA24760A3400C8B69C /* GoogleService-Info.plist */; };
		277EF21F50BAB4CD08EB1924 /* Pods_Instagram.framework in Frameworks */ = {isa = PBXBuildFile; fileRef = 6CEBBF6C1AC1CA1A51FCB8A1 /* Pods_Instagram.framework */; };
/* End PBXBuildFile section */

/* Begin PBXFileReference section */
		2631805B2474EF2F0039E60F /* Instagram.app */ = {isa = PBXFileReference; explicitFileType = wrapper.application; includeInIndex = 0; path = Instagram.app; sourceTree = BUILT_PRODUCTS_DIR; };
		2631805E2474EF2F0039E60F /* AppDelegate.swift */ = {isa = PBXFileReference; lastKnownFileType = sourcecode.swift; path = AppDelegate.swift; sourceTree = "<group>"; };
		263180602474EF2F0039E60F /* SceneDelegate.swift */ = {isa = PBXFileReference; lastKnownFileType = sourcecode.swift; path = SceneDelegate.swift; sourceTree = "<group>"; };
		263180652474EF2F0039E60F /* Base */ = {isa = PBXFileReference; lastKnownFileType = file.storyboard; name = Base; path = Base.lproj/Main.storyboard; sourceTree = "<group>"; };
		263180672474EF310039E60F /* Assets.xcassets */ = {isa = PBXFileReference; lastKnownFileType = folder.assetcatalog; path = Assets.xcassets; sourceTree = "<group>"; };
		2631806A2474EF310039E60F /* Base */ = {isa = PBXFileReference; lastKnownFileType = file.storyboard; name = Base; path = Base.lproj/LaunchScreen.storyboard; sourceTree = "<group>"; };
		2631806C2474EF310039E60F /* Info.plist */ = {isa = PBXFileReference; lastKnownFileType = text.plist.xml; path = Info.plist; sourceTree = "<group>"; };
		263180722474F03C0039E60F /* LoginViewController.swift */ = {isa = PBXFileReference; lastKnownFileType = sourcecode.swift; path = LoginViewController.swift; sourceTree = "<group>"; };
		263180742474F0530039E60F /* HomeViewController.swift */ = {isa = PBXFileReference; lastKnownFileType = sourcecode.swift; path = HomeViewController.swift; sourceTree = "<group>"; };
		263180762474F0680039E60F /* ImageSelectViewController.swift */ = {isa = PBXFileReference; lastKnownFileType = sourcecode.swift; path = ImageSelectViewController.swift; sourceTree = "<group>"; };
		263180782474F07A0039E60F /* PostViewController.swift */ = {isa = PBXFileReference; lastKnownFileType = sourcecode.swift; path = PostViewController.swift; sourceTree = "<group>"; };
		2631807A2474F08C0039E60F /* SettingViewController.swift */ = {isa = PBXFileReference; lastKnownFileType = sourcecode.swift; path = SettingViewController.swift; sourceTree = "<group>"; };
		266057B82476020E00C8B69C /* TabBarController.swift */ = {isa = PBXFileReference; lastKnownFileType = sourcecode.swift; path = TabBarController.swift; sourceTree = "<group>"; };
		266057BA24760A3400C8B69C /* GoogleService-Info.plist */ = {isa = PBXFileReference; fileEncoding = 4; lastKnownFileType = text.plist.xml; path = "GoogleService-Info.plist"; sourceTree = "<group>"; };
		53BCC7FECDAEDA241541B2FD /* Pods-Instagram.release.xcconfig */ = {isa = PBXFileReference; includeInIndex = 1; lastKnownFileType = text.xcconfig; name = "Pods-Instagram.release.xcconfig"; path = "Target Support Files/Pods-Instagram/Pods-Instagram.release.xcconfig"; sourceTree = "<group>"; };
		6CEBBF6C1AC1CA1A51FCB8A1 /* Pods_Instagram.framework */ = {isa = PBXFileReference; explicitFileType = wrapper.framework; includeInIndex = 0; path = Pods_Instagram.framework; sourceTree = BUILT_PRODUCTS_DIR; };
		F54BB99C6AD536336A438130 /* Pods-Instagram.debug.xcconfig */ = {isa = PBXFileReference; includeInIndex = 1; lastKnownFileType = text.xcconfig; name = "Pods-Instagram.debug.xcconfig"; path = "Target Support Files/Pods-Instagram/Pods-Instagram.debug.xcconfig"; sourceTree = "<group>"; };
/* End PBXFileReference section */

/* Begin PBXFrameworksBuildPhase section */
		263180582474EF2F0039E60F /* Frameworks */ = {
			isa = PBXFrameworksBuildPhase;
			buildActionMask = 2147483647;
			files = (
				277EF21F50BAB4CD08EB1924 /* Pods_Instagram.framework in Frameworks */,
			);
			runOnlyForDeploymentPostprocessing = 0;
		};
/* End PBXFrameworksBuildPhase section */

/* Begin PBXGroup section */
		263180522474EF2F0039E60F = {
			isa = PBXGroup;
			children = (
				2631805D2474EF2F0039E60F /* Instagram */,
				2631805C2474EF2F0039E60F /* Products */,
				B7BA7049060B22F7CD36978F /* Pods */,
				CA0C102A7DA177578C230E61 /* Frameworks */,
			);
			sourceTree = "<group>";
		};
		2631805C2474EF2F0039E60F /* Products */ = {
			isa = PBXGroup;
			children = (
				2631805B2474EF2F0039E60F /* Instagram.app */,
			);
			name = Products;
			sourceTree = "<group>";
		};
		2631805D2474EF2F0039E60F /* Instagram */ = {
			isa = PBXGroup;
			children = (
				2631805E2474EF2F0039E60F /* AppDelegate.swift */,
				263180602474EF2F0039E60F /* SceneDelegate.swift */,
				263180722474F03C0039E60F /* LoginViewController.swift */,
				263180742474F0530039E60F /* HomeViewController.swift */,
				266057B82476020E00C8B69C /* TabBarController.swift */,
				263180762474F0680039E60F /* ImageSelectViewController.swift */,
				263180782474F07A0039E60F /* PostViewController.swift */,
				2631807A2474F08C0039E60F /* SettingViewController.swift */,
				263180642474EF2F0039E60F /* Main.storyboard */,
				263180672474EF310039E60F /* Assets.xcassets */,
				263180692474EF310039E60F /* LaunchScreen.storyboard */,
				2631806C2474EF310039E60F /* Info.plist */,
				266057BA24760A3400C8B69C /* GoogleService-Info.plist */,
			);
			path = Instagram;
			sourceTree = "<group>";
		};
		B7BA7049060B22F7CD36978F /* Pods */ = {
			isa = PBXGroup;
			children = (
				F54BB99C6AD536336A438130 /* Pods-Instagram.debug.xcconfig */,
				53BCC7FECDAEDA241541B2FD /* Pods-Instagram.release.xcconfig */,
			);
			name = Pods;
			path = Pods;
			sourceTree = "<group>";
		};
		CA0C102A7DA177578C230E61 /* Frameworks */ = {
			isa = PBXGroup;
			children = (
				6CEBBF6C1AC1CA1A51FCB8A1 /* Pods_Instagram.framework */,
			);
			name = Frameworks;
			sourceTree = "<group>";
		};
/* End PBXGroup section */

/* Begin PBXNativeTarget section */
		2631805A2474EF2F0039E60F /* Instagram */ = {
			isa = PBXNativeTarget;
			buildConfigurationList = 2631806F2474EF310039E60F /* Build configuration list for PBXNativeTarget "Instagram" */;
			buildPhases = (
				83CC8416644AA783AB5592BA /* [CP] Check Pods Manifest.lock */,
				263180572474EF2F0039E60F /* Sources */,
				263180582474EF2F0039E60F /* Frameworks */,
				263180592474EF2F0039E60F /* Resources */,
				DB47412E3652526CD8C5E91B /* [CP] Embed Pods Frameworks */,
			);
			buildRules = (
			);
			dependencies = (
			);
			name = Instagram;
			productName = Instagram;
			productReference = 2631805B2474EF2F0039E60F /* Instagram.app */;
			productType = "com.apple.product-type.application";
		};
/* End PBXNativeTarget section */

/* Begin PBXProject section */
		263180532474EF2F0039E60F /* Project object */ = {
			isa = PBXProject;
			attributes = {
				LastSwiftUpdateCheck = 1110;
				LastUpgradeCheck = 1110;
				ORGANIZATIONNAME = qbs0001;
				TargetAttributes = {
					2631805A2474EF2F0039E60F = {
						CreatedOnToolsVersion = 11.1;
					};
				};
			};
			buildConfigurationList = 263180562474EF2F0039E60F /* Build configuration list for PBXProject "Instagram" */;
			compatibilityVersion = "Xcode 9.3";
			developmentRegion = en;
			hasScannedForEncodings = 0;
			knownRegions = (
				en,
				Base,
			);
			mainGroup = 263180522474EF2F0039E60F;
			productRefGroup = 2631805C2474EF2F0039E60F /* Products */;
			projectDirPath = "";
			projectRoot = "";
			targets = (
				2631805A2474EF2F0039E60F /* Instagram */,
			);
		};
/* End PBXProject section */

/* Begin PBXResourcesBuildPhase section */
		263180592474EF2F0039E60F /* Resources */ = {
			isa = PBXResourcesBuildPhase;
			buildActionMask = 2147483647;
			files = (
				2631806B2474EF310039E60F /* LaunchScreen.storyboard in Resources */,
				266057BB24760A3400C8B69C /* GoogleService-Info.plist in Resources */,
				263180682474EF310039E60F /* Assets.xcassets in Resources */,
				263180662474EF2F0039E60F /* Main.storyboard in Resources */,
			);
			runOnlyForDeploymentPostprocessing = 0;
		};
/* End PBXResourcesBuildPhase section */

/* Begin PBXShellScriptBuildPhase section */
		83CC8416644AA783AB5592BA /* [CP] Check Pods Manifest.lock */ = {
			isa = PBXShellScriptBuildPhase;
			buildActionMask = 2147483647;
			files = (
			);
			inputFileListPaths = (
			);
			inputPaths = (
				"${PODS_PODFILE_DIR_PATH}/Podfile.lock",
				"${PODS_ROOT}/Manifest.lock",
			);
			name = "[CP] Check Pods Manifest.lock";
			outputFileListPaths = (
			);
			outputPaths = (
				"$(DERIVED_FILE_DIR)/Pods-Instagram-checkManifestLockResult.txt",
			);
			runOnlyForDeploymentPostprocessing = 0;
			shellPath = /bin/sh;
			shellScript = "diff \"${PODS_PODFILE_DIR_PATH}/Podfile.lock\" \"${PODS_ROOT}/Manifest.lock\" > /dev/null\nif [ $? != 0 ] ; then\n    # print error to STDERR\n    echo \"error: The sandbox is not in sync with the Podfile.lock. Run 'pod install' or update your CocoaPods installation.\" >&2\n    exit 1\nfi\n# This output is used by Xcode 'outputs' to avoid re-running this script phase.\necho \"SUCCESS\" > \"${SCRIPT_OUTPUT_FILE_0}\"\n";
			showEnvVarsInLog = 0;
		};
		DB47412E3652526CD8C5E91B /* [CP] Embed Pods Frameworks */ = {
			isa = PBXShellScriptBuildPhase;
			buildActionMask = 2147483647;
			files = (
			);
			inputFileListPaths = (
				"${PODS_ROOT}/Target Support Files/Pods-Instagram/Pods-Instagram-frameworks-${CONFIGURATION}-input-files.xcfilelist",
			);
			name = "[CP] Embed Pods Frameworks";
			outputFileListPaths = (
				"${PODS_ROOT}/Target Support Files/Pods-Instagram/Pods-Instagram-frameworks-${CONFIGURATION}-output-files.xcfilelist",
			);
			runOnlyForDeploymentPostprocessing = 0;
			shellPath = /bin/sh;
			shellScript = "\"${PODS_ROOT}/Target Support Files/Pods-Instagram/Pods-Instagram-frameworks.sh\"\n";
			showEnvVarsInLog = 0;
		};
/* End PBXShellScriptBuildPhase section */

/* Begin PBXSourcesBuildPhase section */
		263180572474EF2F0039E60F /* Sources */ = {
			isa = PBXSourcesBuildPhase;
			buildActionMask = 2147483647;
			files = (
				263180772474F0680039E60F /* ImageSelectViewController.swift in Sources */,
				266057B92476020E00C8B69C /* TabBarController.swift in Sources */,
				263180752474F0530039E60F /* HomeViewController.swift in Sources */,
				263180792474F07A0039E60F /* PostViewController.swift in Sources */,
				2631807B2474F08C0039E60F /* SettingViewController.swift in Sources */,
				263180732474F03C0039E60F /* LoginViewController.swift in Sources */,
				2631805F2474EF2F0039E60F /* AppDelegate.swift in Sources */,
				263180612474EF2F0039E60F /* SceneDelegate.swift in Sources */,
			);
			runOnlyForDeploymentPostprocessing = 0;
		};
/* End PBXSourcesBuildPhase section */

/* Begin PBXVariantGroup section */
		263180642474EF2F0039E60F /* Main.storyboard */ = {
			isa = PBXVariantGroup;
			children = (
				263180652474EF2F0039E60F /* Base */,
			);
			name = Main.storyboard;
			sourceTree = "<group>";
		};
		263180692474EF310039E60F /* LaunchScreen.storyboard */ = {
			isa = PBXVariantGroup;
			children = (
				2631806A2474EF310039E60F /* Base */,
			);
			name = LaunchScreen.storyboard;
			sourceTree = "<group>";
		};
/* End PBXVariantGroup section */

/* Begin XCBuildConfiguration section */
		2631806D2474EF310039E60F /* Debug */ = {
			isa = XCBuildConfiguration;
			buildSettings = {
				ALWAYS_SEARCH_USER_PATHS = NO;
				CLANG_ANALYZER_NONNULL = YES;
				CLANG_ANALYZER_NUMBER_OBJECT_CONVERSION = YES_AGGRESSIVE;
				CLANG_CXX_LANGUAGE_STANDARD = "gnu++14";
				CLANG_CXX_LIBRARY = "libc++";
				CLANG_ENABLE_MODULES = YES;
				CLANG_ENABLE_OBJC_ARC = YES;
				CLANG_ENABLE_OBJC_WEAK = YES;
				CLANG_WARN_BLOCK_CAPTURE_AUTORELEASING = YES;
				CLANG_WARN_BOOL_CONVERSION = YES;
				CLANG_WARN_COMMA = YES;
				CLANG_WARN_CONSTANT_CONVERSION = YES;
				CLANG_WARN_DEPRECATED_OBJC_IMPLEMENTATIONS = YES;
				CLANG_WARN_DIRECT_OBJC_ISA_USAGE = YES_ERROR;
				CLANG_WARN_DOCUMENTATION_COMMENTS = YES;
				CLANG_WARN_EMPTY_BODY = YES;
				CLANG_WARN_ENUM_CONVERSION = YES;
				CLANG_WARN_INFINITE_RECURSION = YES;
				CLANG_WARN_INT_CONVERSION = YES;
				CLANG_WARN_NON_LITERAL_NULL_CONVERSION = YES;
				CLANG_WARN_OBJC_IMPLICIT_RETAIN_SELF = YES;
				CLANG_WARN_OBJC_LITERAL_CONVERSION = YES;
				CLANG_WARN_OBJC_ROOT_CLASS = YES_ERROR;
				CLANG_WARN_RANGE_LOOP_ANALYSIS = YES;
				CLANG_WARN_STRICT_PROTOTYPES = YES;
				CLANG_WARN_SUSPICIOUS_MOVE = YES;
				CLANG_WARN_UNGUARDED_AVAILABILITY = YES_AGGRESSIVE;
				CLANG_WARN_UNREACHABLE_CODE = YES;
				CLANG_WARN__DUPLICATE_METHOD_MATCH = YES;
				COPY_PHASE_STRIP = NO;
				DEBUG_INFORMATION_FORMAT = dwarf;
				ENABLE_STRICT_OBJC_MSGSEND = YES;
				ENABLE_TESTABILITY = YES;
				GCC_C_LANGUAGE_STANDARD = gnu11;
				GCC_DYNAMIC_NO_PIC = NO;
				GCC_NO_COMMON_BLOCKS = YES;
				GCC_OPTIMIZATION_LEVEL = 0;
				GCC_PREPROCESSOR_DEFINITIONS = (
					"DEBUG=1",
					"$(inherited)",
				);
				GCC_WARN_64_TO_32_BIT_CONVERSION = YES;
				GCC_WARN_ABOUT_RETURN_TYPE = YES_ERROR;
				GCC_WARN_UNDECLARED_SELECTOR = YES;
				GCC_WARN_UNINITIALIZED_AUTOS = YES_AGGRESSIVE;
				GCC_WARN_UNUSED_FUNCTION = YES;
				GCC_WARN_UNUSED_VARIABLE = YES;
				IPHONEOS_DEPLOYMENT_TARGET = 13.1;
				MTL_ENABLE_DEBUG_INFO = INCLUDE_SOURCE;
				MTL_FAST_MATH = YES;
				ONLY_ACTIVE_ARCH = YES;
				SDKROOT = iphoneos;
				SWIFT_ACTIVE_COMPILATION_CONDITIONS = DEBUG;
				SWIFT_OPTIMIZATION_LEVEL = "-Onone";
			};
			name = Debug;
		};
		2631806E2474EF310039E60F /* Release */ = {
			isa = XCBuildConfiguration;
			buildSettings = {
				ALWAYS_SEARCH_USER_PATHS = NO;
				CLANG_ANALYZER_NONNULL = YES;
				CLANG_ANALYZER_NUMBER_OBJECT_CONVERSION = YES_AGGRESSIVE;
				CLANG_CXX_LANGUAGE_STANDARD = "gnu++14";
				CLANG_CXX_LIBRARY = "libc++";
				CLANG_ENABLE_MODULES = YES;
				CLANG_ENABLE_OBJC_ARC = YES;
				CLANG_ENABLE_OBJC_WEAK = YES;
				CLANG_WARN_BLOCK_CAPTURE_AUTORELEASING = YES;
				CLANG_WARN_BOOL_CONVERSION = YES;
				CLANG_WARN_COMMA = YES;
				CLANG_WARN_CONSTANT_CONVERSION = YES;
				CLANG_WARN_DEPRECATED_OBJC_IMPLEMENTATIONS = YES;
				CLANG_WARN_DIRECT_OBJC_ISA_USAGE = YES_ERROR;
				CLANG_WARN_DOCUMENTATION_COMMENTS = YES;
				CLANG_WARN_EMPTY_BODY = YES;
				CLANG_WARN_ENUM_CONVERSION = YES;
				CLANG_WARN_INFINITE_RECURSION = YES;
				CLANG_WARN_INT_CONVERSION = YES;
				CLANG_WARN_NON_LITERAL_NULL_CONVERSION = YES;
				CLANG_WARN_OBJC_IMPLICIT_RETAIN_SELF = YES;
				CLANG_WARN_OBJC_LITERAL_CONVERSION = YES;
				CLANG_WARN_OBJC_ROOT_CLASS = YES_ERROR;
				CLANG_WARN_RANGE_LOOP_ANALYSIS = YES;
				CLANG_WARN_STRICT_PROTOTYPES = YES;
				CLANG_WARN_SUSPICIOUS_MOVE = YES;
				CLANG_WARN_UNGUARDED_AVAILABILITY = YES_AGGRESSIVE;
				CLANG_WARN_UNREACHABLE_CODE = YES;
				CLANG_WARN__DUPLICATE_METHOD_MATCH = YES;
				COPY_PHASE_STRIP = NO;
				DEBUG_INFORMATION_FORMAT = "dwarf-with-dsym";
				ENABLE_NS_ASSERTIONS = NO;
				ENABLE_STRICT_OBJC_MSGSEND = YES;
				GCC_C_LANGUAGE_STANDARD = gnu11;
				GCC_NO_COMMON_BLOCKS = YES;
				GCC_WARN_64_TO_32_BIT_CONVERSION = YES;
				GCC_WARN_ABOUT_RETURN_TYPE = YES_ERROR;
				GCC_WARN_UNDECLARED_SELECTOR = YES;
				GCC_WARN_UNINITIALIZED_AUTOS = YES_AGGRESSIVE;
				GCC_WARN_UNUSED_FUNCTION = YES;
				GCC_WARN_UNUSED_VARIABLE = YES;
				IPHONEOS_DEPLOYMENT_TARGET = 13.1;
				MTL_ENABLE_DEBUG_INFO = NO;
				MTL_FAST_MATH = YES;
				SDKROOT = iphoneos;
				SWIFT_COMPILATION_MODE = wholemodule;
				SWIFT_OPTIMIZATION_LEVEL = "-O";
				VALIDATE_PRODUCT = YES;
			};
			name = Release;
		};
		263180702474EF310039E60F /* Debug */ = {
			isa = XCBuildConfiguration;
			baseConfigurationReference = F54BB99C6AD536336A438130 /* Pods-Instagram.debug.xcconfig */;
			buildSettings = {
				ASSETCATALOG_COMPILER_APPICON_NAME = AppIcon;
				CODE_SIGN_STYLE = Automatic;
				DEVELOPMENT_TEAM = 89KUJG2Y2G;
				INFOPLIST_FILE = Instagram/Info.plist;
				LD_RUNPATH_SEARCH_PATHS = (
					"$(inherited)",
					"@executable_path/Frameworks",
				);
				PRODUCT_BUNDLE_IDENTIFIER = jp.techacademy.qbs0001.Instagram;
				PRODUCT_NAME = "$(TARGET_NAME)";
				SWIFT_VERSION = 5.0;
				TARGETED_DEVICE_FAMILY = 1;
			};
			name = Debug;
		};
		263180712474EF310039E60F /* Release */ = {
			isa = XCBuildConfiguration;
			baseConfigurationReference = 53BCC7FECDAEDA241541B2FD /* Pods-Instagram.release.xcconfig */;
			buildSettings = {
				ASSETCATALOG_COMPILER_APPICON_NAME = AppIcon;
				CODE_SIGN_STYLE = Automatic;
				DEVELOPMENT_TEAM = 89KUJG2Y2G;
				INFOPLIST_FILE = Instagram/Info.plist;
				LD_RUNPATH_SEARCH_PATHS = (
					"$(inherited)",
					"@executable_path/Frameworks",
				);
				PRODUCT_BUNDLE_IDENTIFIER = jp.techacademy.qbs0001.Instagram;
				PRODUCT_NAME = "$(TARGET_NAME)";
				SWIFT_VERSION = 5.0;
				TARGETED_DEVICE_FAMILY = 1;
			};
			name = Release;
		};
/* End XCBuildConfiguration section */

/* Begin XCConfigurationList section */
		263180562474EF2F0039E60F /* Build configuration list for PBXProject "Instagram" */ = {
			isa = XCConfigurationList;
			buildConfigurations = (
				2631806D2474EF310039E60F /* Debug */,
				2631806E2474EF310039E60F /* Release */,
			);
			defaultConfigurationIsVisible = 0;
			defaultConfigurationName = Release;
		};
		2631806F2474EF310039E60F /* Build configuration list for PBXNativeTarget "Instagram" */ = {
			isa = XCConfigurationList;
			buildConfigurations = (
				263180702474EF310039E60F /* Debug */,
				263180712474EF310039E60F /* Release */,
			);
			defaultConfigurationIsVisible = 0;
			defaultConfigurationName = Release;
		};
/* End XCConfigurationList section */
	};
	rootObject = 263180532474EF2F0039E60F /* Project object */;
}
